{
  "name": "vuepress-blog",
  "version": "1.0.0",
  "lockfileVersion": 1,
  "requires": true,
  "dependencies": {
    "@vssue/api-github-v3": {
      "version": "1.4.4",
      "resolved": "https://registry.npm.taobao.org/@vssue/api-github-v3/download/@vssue/api-github-v3-1.4.4.tgz",
      "integrity": "sha1-4y7W1ZELuHwyfehXbBB+5+U7tts=",
      "dev": true,
      "requires": {
        "@vssue/utils": "^1.4.0",
        "axios": "^0.18.1"
      }
    },
    "@vssue/utils": {
      "version": "1.4.0",
      "resolved": "https://registry.npm.taobao.org/@vssue/utils/download/@vssue/utils-1.4.0.tgz",
      "integrity": "sha1-PML9hJKjQJ40MomYHiIJtsovgxM=",
      "dev": true,
      "requires": {
        "date-fns": "^1.29.0",
        "qs": "^6.6.0"
      }
    },
    "@vssue/vuepress-plugin-vssue": {
      "version": "1.4.6",
      "resolved": "https://registry.npm.taobao.org/@vssue/vuepress-plugin-vssue/download/@vssue/vuepress-plugin-vssue-1.4.6.tgz",
      "integrity": "sha1-CiMQlfWLKbvWTJ6pZPpzrdkJzP0=",
      "dev": true,
      "requires": {
        "vssue": "^1.4.6"
      }
    },
    "@vuepress/plugin-back-to-top": {
      "version": "1.5.0",
      "resolved": "https://registry.npm.taobao.org/@vuepress/plugin-back-to-top/download/@vuepress/plugin-back-to-top-1.5.0.tgz",
      "integrity": "sha1-OTy8OSrHwXGM29vKxjdfgHmleRI=",
      "dev": true,
      "requires": {
        "lodash.debounce": "^4.0.8"
      }
    },
    "@vuepress/plugin-blog": {
      "version": "1.9.2",
      "resolved": "https://registry.npm.taobao.org/@vuepress/plugin-blog/download/@vuepress/plugin-blog-1.9.2.tgz",
      "integrity": "sha1-1GOiGL9UtRoHuH63A9wcye3e7zw=",
      "dev": true,
      "requires": {
        "@vssue/api-github-v3": "^1.1.2",
        "@vssue/vuepress-plugin-vssue": "^1.2.0",
        "dayjs": "^1.8.19",
        "vuejs-paginate": "^2.1.0",
        "vuepress-plugin-disqus": "^0.2.0",
        "vuepress-plugin-feed": "^0.1.8",
        "vuepress-plugin-mailchimp": "^1.4.1",
        "vuepress-plugin-sitemap": "^2.3.1"
      }
    },
    "axios": {
      "version": "0.18.1",
      "resolved": "https://registry.npm.taobao.org/axios/download/axios-0.18.1.tgz",
      "integrity": "sha1-/z8N4ue10YDnV62YAA8Qgbh7zqM=",
      "dev": true,
      "requires": {
        "follow-redirects": "1.5.10",
        "is-buffer": "^2.0.2"
      }
    },
    "date-fns": {
      "version": "1.30.1",
      "resolved": "https://registry.npm.taobao.org/date-fns/download/date-fns-1.30.1.tgz?cache=0&sync_timestamp=1589822525783&other_urls=https%3A%2F%2Fregistry.npm.taobao.org%2Fdate-fns%2Fdownload%2Fdate-fns-1.30.1.tgz",
      "integrity": "sha1-LnG/CxGRU9u0zE6I2epaz7UNwFw=",
      "dev": true
    },
    "dayjs": {
      "version": "1.8.28",
      "resolved": "https://registry.npm.taobao.org/dayjs/download/dayjs-1.8.28.tgz",
      "integrity": "sha1-N6piAd9IPQiWRctsj2zvbwxNvAc=",
      "dev": true
    },
    "debug": {
      "version": "3.1.0",
      "resolved": "https://registry.npm.taobao.org/debug/download/debug-3.1.0.tgz",
      "integrity": "sha1-W7WgZyYotkFJVmuhaBnmFRjGcmE=",
      "dev": true,
      "requires": {
        "ms": "2.0.0"
      }
    },
    "decode-uri-component": {
      "version": "0.2.0",
      "resolved": "https://registry.npm.taobao.org/decode-uri-component/download/decode-uri-component-0.2.0.tgz",
      "integrity": "sha1-6zkTMzRYd1y4TNGh+uBiEGu4dUU=",
      "dev": true
    },
    "feed": {
      "version": "2.0.4",
      "resolved": "https://registry.npm.taobao.org/feed/download/feed-2.0.4.tgz",
      "integrity": "sha1-FM1xs7rh6WW4H34MWSfolB3plvg=",
      "dev": true,
      "requires": {
        "luxon": "^1.3.3",
        "xml": "^1.0.1"
      }
    },
    "follow-redirects": {
      "version": "1.5.10",
      "resolved": "https://registry.npm.taobao.org/follow-redirects/download/follow-redirects-1.5.10.tgz?cache=0&sync_timestamp=1585479417937&other_urls=https%3A%2F%2Fregistry.npm.taobao.org%2Ffollow-redirects%2Fdownload%2Ffollow-redirects-1.5.10.tgz",
      "integrity": "sha1-e3qfmuov3/NnhqlP9kPtB/T/Xio=",
      "dev": true,
      "requires": {
        "debug": "=3.1.0"
      }
    },
    "github-markdown-css": {
      "version": "3.0.1",
      "resolved": "https://registry.npm.taobao.org/github-markdown-css/download/github-markdown-css-3.0.1.tgz",
      "integrity": "sha1-0I2xBg0uGCAl4NB9VHz+Kv7TAgU=",
      "dev": true
    },
    "is-buffer": {
      "version": "2.0.4",
      "resolved": "https://registry.npm.taobao.org/is-buffer/download/is-buffer-2.0.4.tgz?cache=0&sync_timestamp=1588707106955&other_urls=https%3A%2F%2Fregistry.npm.taobao.org%2Fis-buffer%2Fdownload%2Fis-buffer-2.0.4.tgz",
      "integrity": "sha1-PlcvI8hBGlz9lVfISeNmXgspBiM=",
      "dev": true
    },
    "jsonp": {
      "version": "0.2.1",
      "resolved": "https://registry.npm.taobao.org/jsonp/download/jsonp-0.2.1.tgz",
      "integrity": "sha1-pltPoPEL2nGaBUQep7lMVfPhW64=",
      "dev": true,
      "requires": {
        "debug": "^2.1.3"
      },
      "dependencies": {
        "debug": {
          "version": "2.6.9",
          "resolved": "https://registry.npm.taobao.org/debug/download/debug-2.6.9.tgz",
          "integrity": "sha1-XRKFFd8TT/Mn6QpMk/Tgd6U2NB8=",
          "dev": true,
          "requires": {
            "ms": "2.0.0"
          }
        }
      }
    },
    "lodash.chunk": {
      "version": "4.2.0",
      "resolved": "https://registry.npm.taobao.org/lodash.chunk/download/lodash.chunk-4.2.0.tgz",
      "integrity": "sha1-ZuXOH3btJ7QwPYxlEujRIW6BBrw=",
      "dev": true
    },
    "lodash.debounce": {
      "version": "4.0.8",
      "resolved": "https://registry.npm.taobao.org/lodash.debounce/download/lodash.debounce-4.0.8.tgz",
      "integrity": "sha1-gteb/zCmfEAF/9XiUVMArZyk168=",
      "dev": true
    },
    "lodash.defaultsdeep": {
      "version": "4.6.1",
      "resolved": "https://registry.npm.taobao.org/lodash.defaultsdeep/download/lodash.defaultsdeep-4.6.1.tgz",
      "integrity": "sha1-US6b1yHSctlOPTpjZT+hdRZ0HKY=",
      "dev": true
    },
    "lodash.isempty": {
      "version": "4.4.0",
      "resolved": "https://registry.npm.taobao.org/lodash.isempty/download/lodash.isempty-4.4.0.tgz",
      "integrity": "sha1-b4bL7di+TsmHvpqvM8loTbGzHn4=",
      "dev": true
    },
    "lodash.padstart": {
      "version": "4.6.1",
      "resolved": "https://registry.npm.taobao.org/lodash.padstart/download/lodash.padstart-4.6.1.tgz",
      "integrity": "sha1-0uPuv/DZ05rVD1y9G1KnvOa7YRs=",
      "dev": true
    },
    "lodash.sortby": {
      "version": "4.7.0",
      "resolved": "https://registry.npm.taobao.org/lodash.sortby/download/lodash.sortby-4.7.0.tgz",
      "integrity": "sha1-7dFMgk4sycHgsKG0K7UhBRakJDg=",
      "dev": true
    },
    "lodash.trimend": {
      "version": "4.5.1",
      "resolved": "https://registry.npm.taobao.org/lodash.trimend/download/lodash.trimend-4.5.1.tgz",
      "integrity": "sha1-EoBENyhrmMrYmWt5QU4RMAEUCC8=",
      "dev": true
    },
    "lodash.trimstart": {
      "version": "4.5.1",
      "resolved": "https://registry.npm.taobao.org/lodash.trimstart/download/lodash.trimstart-4.5.1.tgz",
      "integrity": "sha1-j/TexTLYJIavWVc8OURZFOlEp/E=",
      "dev": true
    },
    "luxon": {
      "version": "1.24.1",
      "resolved": "https://registry.npm.taobao.org/luxon/download/luxon-1.24.1.tgz",
      "integrity": "sha1-qDgyZhMe1OrtS19DD5bzaVQDpSo=",
      "dev": true
    },
    "ms": {
      "version": "2.0.0",
      "resolved": "https://registry.npm.taobao.org/ms/download/ms-2.0.0.tgz",
      "integrity": "sha1-VgiurfwAvmwpAd9fmGF4jeDVl8g=",
      "dev": true
    },
    "punycode": {
      "version": "2.1.1",
      "resolved": "https://registry.npm.taobao.org/punycode/download/punycode-2.1.1.tgz",
      "integrity": "sha1-tYsBCsQMIsVldhbI0sLALHv0eew=",
      "dev": true
    },
    "qs": {
      "version": "6.9.4",
      "resolved": "https://registry.npm.taobao.org/qs/download/qs-6.9.4.tgz",
      "integrity": "sha1-kJCykNH5FyjTwi5UhDykSupatoc=",
      "dev": true
    },
    "query-string": {
      "version": "6.12.1",
      "resolved": "https://registry.npm.taobao.org/query-string/download/query-string-6.12.1.tgz",
      "integrity": "sha1-KuTScttPuiZxQWZTdOSaHeCeinw=",
      "dev": true,
      "requires": {
        "decode-uri-component": "^0.2.0",
        "split-on-first": "^1.0.0",
        "strict-uri-encode": "^2.0.0"
      }
    },
    "remove-markdown": {
      "version": "0.3.0",
      "resolved": "https://registry.npm.taobao.org/remove-markdown/download/remove-markdown-0.3.0.tgz",
      "integrity": "sha1-XktmdJOpNXlyjz1S7MHbnKUF3Jg=",
      "dev": true
    },
    "sitemap": {
      "version": "3.2.2",
      "resolved": "https://registry.npm.taobao.org/sitemap/download/sitemap-3.2.2.tgz",
      "integrity": "sha1-P3fDWPqXtVXIeeRXCY45kQCVxis=",
      "dev": true,
      "requires": {
        "lodash.chunk": "^4.2.0",
        "lodash.padstart": "^4.6.1",
        "whatwg-url": "^7.0.0",
        "xmlbuilder": "^13.0.0"
      }
    },
    "split-on-first": {
      "version": "1.1.0",
      "resolved": "https://registry.npm.taobao.org/split-on-first/download/split-on-first-1.1.0.tgz?cache=0&sync_timestamp=1573659333652&other_urls=https%3A%2F%2Fregistry.npm.taobao.org%2Fsplit-on-first%2Fdownload%2Fsplit-on-first-1.1.0.tgz",
      "integrity": "sha1-9hCv7uOxK84dDDBCXnY5i3gkml8=",
      "dev": true
    },
    "strict-uri-encode": {
      "version": "2.0.0",
      "resolved": "https://registry.npm.taobao.org/strict-uri-encode/download/strict-uri-encode-2.0.0.tgz",
      "integrity": "sha1-ucczDHBChi9rFC3CdLvMWGbONUY=",
      "dev": true
    },
    "striptags": {
      "version": "3.1.1",
      "resolved": "https://registry.npm.taobao.org/striptags/download/striptags-3.1.1.tgz",
      "integrity": "sha1-yMPn/db7S7OjKjt1LltePjgJPr0=",
      "dev": true
    },
    "tr46": {
      "version": "1.0.1",
      "resolved": "https://registry.npm.taobao.org/tr46/download/tr46-1.0.1.tgz?cache=0&sync_timestamp=1582173420117&other_urls=https%3A%2F%2Fregistry.npm.taobao.org%2Ftr46%2Fdownload%2Ftr46-1.0.1.tgz",
      "integrity": "sha1-qLE/1r/SSJUZZ0zN5VujaTtwbQk=",
      "dev": true,
      "requires": {
        "punycode": "^2.1.0"
      }
    },
    "vssue": {
      "version": "1.4.6",
      "resolved": "https://registry.npm.taobao.org/vssue/download/vssue-1.4.6.tgz",
      "integrity": "sha1-LOFjc5B9wEu5LWkIIk8N1yOUVPY=",
      "dev": true,
      "requires": {
        "@vssue/utils": "^1.4.0",
        "github-markdown-css": "^3.0.1",
        "vue": "^2.6.10",
        "vue-i18n": "^8.11.2",
        "vue-property-decorator": "^8.1.1"
      }
    },
    "vue": {
      "version": "2.6.11",
      "resolved": "https://registry.npm.taobao.org/vue/download/vue-2.6.11.tgz",
      "integrity": "sha1-dllNh31LEiNEBuhONSdcbVFBJcU=",
      "dev": true
    },
    "vue-class-component": {
      "version": "7.2.3",
      "resolved": "https://registry.npm.taobao.org/vue-class-component/download/vue-class-component-7.2.3.tgz",
      "integrity": "sha1-pbGr1TUTpyrVEJh1Li3t1JmAfMo=",
      "dev": true
    },
    "vue-disqus": {
      "version": "3.0.5",
      "resolved": "https://registry.npm.taobao.org/vue-disqus/download/vue-disqus-3.0.5.tgz",
      "integrity": "sha1-jQ3Vyr26fEf4LRKdKQemQ2aEL6g=",
      "dev": true
    },
    "vue-i18n": {
      "version": "8.18.1",
      "resolved": "https://registry.npm.taobao.org/vue-i18n/download/vue-i18n-8.18.1.tgz",
      "integrity": "sha1-Lmg6yToVYXvc0hD5k1nWA06EJd0=",
      "dev": true
    },
    "vue-property-decorator": {
      "version": "8.4.2",
      "resolved": "https://registry.npm.taobao.org/vue-property-decorator/download/vue-property-decorator-8.4.2.tgz",
      "integrity": "sha1-AW4X8ln3O8VH53pQzigroY207kE=",
      "dev": true,
      "requires": {
        "vue-class-component": "^7.1.0"
      }
    },
    "vuejs-paginate": {
      "version": "2.1.0",
      "resolved": "https://registry.npm.taobao.org/vuejs-paginate/download/vuejs-paginate-2.1.0.tgz",
      "integrity": "sha1-k+GtFTm3E6aIx6LTCAvaYPzGx30=",
      "dev": true
    },
    "vuepress-plugin-disqus": {
      "version": "0.2.0",
      "resolved": "https://registry.npm.taobao.org/vuepress-plugin-disqus/download/vuepress-plugin-disqus-0.2.0.tgz",
      "integrity": "sha1-ClveQk+B4Bhe2jb7oj16xMrm/wc=",
      "dev": true,
      "requires": {
        "vue-disqus": "^3.0.5"
      }
    },
    "vuepress-plugin-feed": {
      "version": "0.1.8",
      "resolved": "https://registry.npm.taobao.org/vuepress-plugin-feed/download/vuepress-plugin-feed-0.1.8.tgz",
      "integrity": "sha1-E0xp+YxxmU0X+Sbjx8KtAG9XMZU=",
      "dev": true,
      "requires": {
        "feed": "2.0.4",
        "lodash.defaultsdeep": "4.6.1",
        "lodash.isempty": "4.4.0",
        "lodash.trimend": "^4.5.1",
        "lodash.trimstart": "^4.5.1",
        "remove-markdown": "0.3.0",
        "striptags": "3.1.1"
      }
    },
    "vuepress-plugin-mailchimp": {
      "version": "1.4.2",
      "resolved": "https://registry.npm.taobao.org/vuepress-plugin-mailchimp/download/vuepress-plugin-mailchimp-1.4.2.tgz",
      "integrity": "sha1-Nz+h348DqJk4F7Cd37i9nQShxmU=",
      "dev": true,
      "requires": {
        "jsonp": "^0.2.1",
        "query-string": "^6.9.0"
      }
    },
    "vuepress-plugin-sitemap": {
      "version": "2.3.1",
      "resolved": "https://registry.npm.taobao.org/vuepress-plugin-sitemap/download/vuepress-plugin-sitemap-2.3.1.tgz",
      "integrity": "sha1-USmKynel3pY5b9vRED4WN91hrmo=",
      "dev": true,
      "requires": {
        "sitemap": "^3.0.0"
      }
    },
    "webidl-conversions": {
      "version": "4.0.2",
      "resolved": "https://registry.npm.taobao.org/webidl-conversions/download/webidl-conversions-4.0.2.tgz?cache=0&other_urls=https%3A%2F%2Fregistry.npm.taobao.org%2Fwebidl-conversions%2Fdownload%2Fwebidl-conversions-4.0.2.tgz",
      "integrity": "sha1-qFWYCx8LazWbodXZ+zmulB+qY60=",
      "dev": true
    },
    "whatwg-url": {
      "version": "7.1.0",
      "resolved": "https://registry.npm.taobao.org/whatwg-url/download/whatwg-url-7.1.0.tgz",
      "integrity": "sha1-wsSS8eymEpiO/T0iZr4bn8YXDQY=",
      "dev": true,
      "requires": {
        "lodash.sortby": "^4.7.0",
        "tr46": "^1.0.1",
        "webidl-conversions": "^4.0.2"
      }
    },
    "xml": {
      "version": "1.0.1",
      "resolved": "https://registry.npm.taobao.org/xml/download/xml-1.0.1.tgz",
      "integrity": "sha1-eLpyAgApxbyHuKgaPPzXS0ovweU=",
      "dev": true
    },
    "xmlbuilder": {
      "version": "13.0.2",
      "resolved": "https://registry.npm.taobao.org/xmlbuilder/download/xmlbuilder-13.0.2.tgz",
      "integrity": "sha1-Aq4zYUtqBH0cMrU4nB/ayyvOR6c=",
      "dev": true
    }
  }
}
